{
  "lockfileVersion": 1,
  "configVersion": 1,
  "workspaces": {
    "": {
      "dependencies": {
        "tailwindcss": "^4.2.1",
      },
    },
  },
  "packages": {
    "tailwindcss": ["tailwindcss@4.2.1", "", {}, "sha512-/tBrSQ36vCleJkAOsy9kbNTgaxvGbyOamC30PRePTQe/o1MFwEKHQk4Cn7BNGaPtjp+PuUrByJehM1hgxfq4sw=="],
  }
}
